
Microsoft Visual Studio Solution File, Format Version 12.00
# Visual Studio Version 16
VisualStudioVersion = 16.0.30204.135
MinimumVisualStudioVersion = 10.0.40219.1
Project("{9A19103F-16F7-4668-BE54-9A1E7A4F7556}") = "ClassLibrary1", "ClassLibrary1\ClassLibrary1.csproj", "{96F4570C-F22F-49C5-892F-83DB6A95BA40}"
EndProject
Project("{FAE04EC0-301F-11D3-BF4B-00C04F79EFBC}") = "UnitTestProject1", "UnitTestProject1\UnitTestProject1.csproj", "{FE2F678E-2699-4E7A-B33D-4D626006FF81}"
EndProject
Project("{FAE04EC0-301F-11D3-BF4B-00C04F79EFBC}") = "ConsoleApp1", "ConsoleApp2\ConsoleApp1.csproj", "{761D4FE3-AC12-45F6-8D7C-8F9D62408E1B}"
EndProject
Global
	GlobalSection(SolutionConfigurationPlatforms) = preSolution
		Debug|Any CPU = Debug|Any CPU
		Release|Any CPU = Release|Any CPU
	EndGlobalSection
	GlobalSection(ProjectConfigurationPlatforms) = postSolution
		{96F4570C-F22F-49C5-892F-83DB6A95BA40}.Debug|Any CPU.ActiveCfg = Debug|Any CPU
		{96F4570C-F22F-49C5-892F-83DB6A95BA40}.Debug|Any CPU.Build.0 = Debug|Any CPU
		{96F4570C-F22F-49C5-892F-83DB6A95BA40}.Release|Any CPU.ActiveCfg = Release|Any CPU
		{96F4570C-F22F-49C5-892F-83DB6A95BA40}.Release|Any CPU.Build.0 = Release|Any CPU
		{FE2F678E-2699-4E7A-B33D-4D626006FF81}.Debug|Any CPU.ActiveCfg = Debug|Any CPU
		{FE2F678E-2699-4E7A-B33D-4D626006FF81}.Debug|Any CPU.Build.0 = Debug|Any CPU
		{FE2F678E-2699-4E7A-B33D-4D626006FF81}.Release|Any CPU.ActiveCfg = Release|Any CPU
		{FE2F678E-2699-4E7A-B33D-4D626006FF81}.Release|Any CPU.Build.0 = Release|Any CPU
		{761D4FE3-AC12-45F6-8D7C-8F9D62408E1B}.Debug|Any CPU.ActiveCfg = Debug|Any CPU
		{761D4FE3-AC12-45F6-8D7C-8F9D62408E1B}.Debug|Any CPU.Build.0 = Debug|Any CPU
		{761D4FE3-AC12-45F6-8D7C-8F9D62408E1B}.Release|Any CPU.ActiveCfg = Release|Any CPU
		{761D4FE3-AC12-45F6-8D7C-8F9D62408E1B}.Release|Any CPU.Build.0 = Release|Any CPU
	EndGlobalSection
	GlobalSection(SolutionProperties) = preSolution
		HideSolutionNode = FALSE
	EndGlobalSection
	GlobalSection(ExtensibilityGlobals) = postSolution
		SolutionGuid = {F5F2BB40-6258-4909-8086-CAF0E6D4B025}
	EndGlobalSection
EndGlobal
